// !$*UTF8*$!
{
	archiveVersion = 1;
	classes = {
	};
	objectVersion = 50;
	objects = {

/* Begin PBXBuildFile section */
		800DC193265D50A600EE0FD0 /* ProductDetailService.swift in Sources */ = {isa = PBXBuildFile; fileRef = 800DC192265D50A600EE0FD0 /* ProductDetailService.swift */; };
		8028182926473054006B0C40 /* ProductViewModel.swift in Sources */ = {isa = PBXBuildFile; fileRef = 8028182826473054006B0C40 /* ProductViewModel.swift */; };
		80281831264739A4006B0C40 /* ProductService.swift in Sources */ = {isa = PBXBuildFile; fileRef = 80281830264739A4006B0C40 /* ProductService.swift */; };
		8028183626475116006B0C40 /* UIViewController+Extension.swift in Sources */ = {isa = PBXBuildFile; fileRef = 8028183526475116006B0C40 /* UIViewController+Extension.swift */; };
		8028184E264760EA006B0C40 /* ProductCellViewModel.swift in Sources */ = {isa = PBXBuildFile; fileRef = 8028184D264760EA006B0C40 /* ProductCellViewModel.swift */; };
		8028185326476541006B0C40 /* UIImageView+Extension.swift in Sources */ = {isa = PBXBuildFile; fileRef = 8028185226476540006B0C40 /* UIImageView+Extension.swift */; };
		802EC87B26477B5900075019 /* ProductDetailView.swift in Sources */ = {isa = PBXBuildFile; fileRef = 802EC87A26477B5900075019 /* ProductDetailView.swift */; };
		8034B74F264858750029841A /* UIView+Extension.swift in Sources */ = {isa = PBXBuildFile; fileRef = 8034B74E264858750029841A /* UIView+Extension.swift */; };
		803F140D265DAEAB006A18FD /* ProductDetailCollectionViewCell.swift in Sources */ = {isa = PBXBuildFile; fileRef = 803F140C265DAEAB006A18FD /* ProductDetailCollectionViewCell.swift */; };
		806EFFB32646ED6B00AB52FD /* NetworkManager.swift in Sources */ = {isa = PBXBuildFile; fileRef = 806EFFB22646ED6B00AB52FD /* NetworkManager.swift */; };
		806EFFB82646F12B00AB52FD /* Optional+Extension.swift in Sources */ = {isa = PBXBuildFile; fileRef = 806EFFB72646F12B00AB52FD /* Optional+Extension.swift */; };
		806EFFBD2646F3EE00AB52FD /* MLError.swift in Sources */ = {isa = PBXBuildFile; fileRef = 806EFFBC2646F3EE00AB52FD /* MLError.swift */; };
		806EFFC32646FB4100AB52FD /* MLEndpoints.swift in Sources */ = {isa = PBXBuildFile; fileRef = 806EFFC22646FB4100AB52FD /* MLEndpoints.swift */; };
		806EFFCD26470CD900AB52FD /* URLRequest+Extension.swift in Sources */ = {isa = PBXBuildFile; fileRef = 806EFFCC26470CD900AB52FD /* URLRequest+Extension.swift */; };
		806EFFD52647180800AB52FD /* Product.swift in Sources */ = {isa = PBXBuildFile; fileRef = 806EFFD42647180800AB52FD /* Product.swift */; };
		806EFFE22647228900AB52FD /* ProductCellView.xib in Resources */ = {isa = PBXBuildFile; fileRef = 806EFFE12647228900AB52FD /* ProductCellView.xib */; };
		806EFFE72647251900AB52FD /* ProductCellView.swift in Sources */ = {isa = PBXBuildFile; fileRef = 806EFFE62647251900AB52FD /* ProductCellView.swift */; };
		809D3FD8264D7C0F00ECE45F /* ProductDetailViewModel.swift in Sources */ = {isa = PBXBuildFile; fileRef = 809D3FD7264D7C0F00ECE45F /* ProductDetailViewModel.swift */; };
		809D3FDE264D7D0200ECE45F /* ProductDetailModel.swift in Sources */ = {isa = PBXBuildFile; fileRef = 809D3FDD264D7D0200ECE45F /* ProductDetailModel.swift */; };
		80B1F7C8265D6B8E00AC4185 /* String+Extension.swift in Sources */ = {isa = PBXBuildFile; fileRef = 80B1F7C7265D6B8E00AC4185 /* String+Extension.swift */; };
		80B1F7CD265D6BB700AC4185 /* Localizable.strings in Resources */ = {isa = PBXBuildFile; fileRef = 80B1F7CC265D6BB700AC4185 /* Localizable.strings */; };
		80C7A973265ED6810015B18A /* ProductDetailModelViewModel.swift in Sources */ = {isa = PBXBuildFile; fileRef = 80C7A972265ED6810015B18A /* ProductDetailModelViewModel.swift */; };
		80C7A978265EEA370015B18A /* ProductModelViewModel.swift in Sources */ = {isa = PBXBuildFile; fileRef = 80C7A977265EEA370015B18A /* ProductModelViewModel.swift */; };
		80D9D74626462491001A6F73 /* AppDelegate.swift in Sources */ = {isa = PBXBuildFile; fileRef = 80D9D74526462491001A6F73 /* AppDelegate.swift */; };
		80D9D74826462491001A6F73 /* SceneDelegate.swift in Sources */ = {isa = PBXBuildFile; fileRef = 80D9D74726462491001A6F73 /* SceneDelegate.swift */; };
		80D9D74A26462491001A6F73 /* ProductsView.swift in Sources */ = {isa = PBXBuildFile; fileRef = 80D9D74926462491001A6F73 /* ProductsView.swift */; };
		80D9D74D26462491001A6F73 /* Main.storyboard in Resources */ = {isa = PBXBuildFile; fileRef = 80D9D74B26462491001A6F73 /* Main.storyboard */; };
		80D9D74F26462494001A6F73 /* Assets.xcassets in Resources */ = {isa = PBXBuildFile; fileRef = 80D9D74E26462494001A6F73 /* Assets.xcassets */; };
		80D9D75226462494001A6F73 /* LaunchScreen.storyboard in Resources */ = {isa = PBXBuildFile; fileRef = 80D9D75026462494001A6F73 /* LaunchScreen.storyboard */; };
		80D9D75D26462494001A6F73 /* MeLiTests.swift in Sources */ = {isa = PBXBuildFile; fileRef = 80D9D75C26462494001A6F73 /* MeLiTests.swift */; };
/* End PBXBuildFile section */

/* Begin PBXContainerItemProxy section */
		80D9D75926462494001A6F73 /* PBXContainerItemProxy */ = {
			isa = PBXContainerItemProxy;
			containerPortal = 80D9D73A26462491001A6F73 /* Project object */;
			proxyType = 1;
			remoteGlobalIDString = 80D9D74126462491001A6F73;
			remoteInfo = MeLi;
		};
		80D9D76426462494001A6F73 /* PBXContainerItemProxy */ = {
			isa = PBXContainerItemProxy;
			containerPortal = 80D9D73A26462491001A6F73 /* Project object */;
			proxyType = 1;
			remoteGlobalIDString = 80D9D74126462491001A6F73;
			remoteInfo = MeLi;
		};
/* End PBXContainerItemProxy section */

/* Begin PBXFileReference section */
		800DC192265D50A600EE0FD0 /* ProductDetailService.swift */ = {isa = PBXFileReference; lastKnownFileType = sourcecode.swift; path = ProductDetailService.swift; sourceTree = "<group>"; };
		8028182826473054006B0C40 /* ProductViewModel.swift */ = {isa = PBXFileReference; lastKnownFileType = sourcecode.swift; path = ProductViewModel.swift; sourceTree = "<group>"; };
		80281830264739A4006B0C40 /* ProductService.swift */ = {isa = PBXFileReference; lastKnownFileType = sourcecode.swift; path = ProductService.swift; sourceTree = "<group>"; };
		8028183526475116006B0C40 /* UIViewController+Extension.swift */ = {isa = PBXFileReference; lastKnownFileType = sourcecode.swift; path = "UIViewController+Extension.swift"; sourceTree = "<group>"; };
		8028184D264760EA006B0C40 /* ProductCellViewModel.swift */ = {isa = PBXFileReference; lastKnownFileType = sourcecode.swift; path = ProductCellViewModel.swift; sourceTree = "<group>"; };
		8028185226476540006B0C40 /* UIImageView+Extension.swift */ = {isa = PBXFileReference; lastKnownFileType = sourcecode.swift; path = "UIImageView+Extension.swift"; sourceTree = "<group>"; };
		802EC87A26477B5900075019 /* ProductDetailView.swift */ = {isa = PBXFileReference; lastKnownFileType = sourcecode.swift; path = ProductDetailView.swift; sourceTree = "<group>"; };
		8034B74E264858750029841A /* UIView+Extension.swift */ = {isa = PBXFileReference; lastKnownFileType = sourcecode.swift; path = "UIView+Extension.swift"; sourceTree = "<group>"; };
		803F140C265DAEAB006A18FD /* ProductDetailCollectionViewCell.swift */ = {isa = PBXFileReference; lastKnownFileType = sourcecode.swift; path = ProductDetailCollectionViewCell.swift; sourceTree = "<group>"; };
		806EFFB22646ED6B00AB52FD /* NetworkManager.swift */ = {isa = PBXFileReference; lastKnownFileType = sourcecode.swift; path = NetworkManager.swift; sourceTree = "<group>"; };
		806EFFB72646F12B00AB52FD /* Optional+Extension.swift */ = {isa = PBXFileReference; lastKnownFileType = sourcecode.swift; path = "Optional+Extension.swift"; sourceTree = "<group>"; };
		806EFFBC2646F3EE00AB52FD /* MLError.swift */ = {isa = PBXFileReference; lastKnownFileType = sourcecode.swift; path = MLError.swift; sourceTree = "<group>"; };
		806EFFC22646FB4100AB52FD /* MLEndpoints.swift */ = {isa = PBXFileReference; lastKnownFileType = sourcecode.swift; path = MLEndpoints.swift; sourceTree = "<group>"; };
		806EFFCC26470CD900AB52FD /* URLRequest+Extension.swift */ = {isa = PBXFileReference; lastKnownFileType = sourcecode.swift; path = "URLRequest+Extension.swift"; sourceTree = "<group>"; };
		806EFFD42647180800AB52FD /* Product.swift */ = {isa = PBXFileReference; lastKnownFileType = sourcecode.swift; path = Product.swift; sourceTree = "<group>"; };
		806EFFE12647228900AB52FD /* ProductCellView.xib */ = {isa = PBXFileReference; lastKnownFileType = file.xib; path = ProductCellView.xib; sourceTree = "<group>"; };
		806EFFE62647251900AB52FD /* ProductCellView.swift */ = {isa = PBXFileReference; lastKnownFileType = sourcecode.swift; path = ProductCellView.swift; sourceTree = "<group>"; };
		809D3FD7264D7C0F00ECE45F /* ProductDetailViewModel.swift */ = {isa = PBXFileReference; lastKnownFileType = sourcecode.swift; path = ProductDetailViewModel.swift; sourceTree = "<group>"; };
		809D3FDD264D7D0200ECE45F /* ProductDetailModel.swift */ = {isa = PBXFileReference; lastKnownFileType = sourcecode.swift; path = ProductDetailModel.swift; sourceTree = "<group>"; };
		80B1F7C7265D6B8E00AC4185 /* String+Extension.swift */ = {isa = PBXFileReference; lastKnownFileType = sourcecode.swift; path = "String+Extension.swift"; sourceTree = "<group>"; };
		80B1F7CC265D6BB700AC4185 /* Localizable.strings */ = {isa = PBXFileReference; lastKnownFileType = text.plist.strings; path = Localizable.strings; sourceTree = "<group>"; };
		80C7A972265ED6810015B18A /* ProductDetailModelViewModel.swift */ = {isa = PBXFileReference; lastKnownFileType = sourcecode.swift; path = ProductDetailModelViewModel.swift; sourceTree = "<group>"; };
		80C7A977265EEA370015B18A /* ProductModelViewModel.swift */ = {isa = PBXFileReference; lastKnownFileType = sourcecode.swift; path = ProductModelViewModel.swift; sourceTree = "<group>"; };
		80D9D74226462491001A6F73 /* MeLi.app */ = {isa = PBXFileReference; explicitFileType = wrapper.application; includeInIndex = 0; path = MeLi.app; sourceTree = BUILT_PRODUCTS_DIR; };
		80D9D74526462491001A6F73 /* AppDelegate.swift */ = {isa = PBXFileReference; lastKnownFileType = sourcecode.swift; path = AppDelegate.swift; sourceTree = "<group>"; };
		80D9D74726462491001A6F73 /* SceneDelegate.swift */ = {isa = PBXFileReference; lastKnownFileType = sourcecode.swift; path = SceneDelegate.swift; sourceTree = "<group>"; };
		80D9D74926462491001A6F73 /* ProductsView.swift */ = {isa = PBXFileReference; lastKnownFileType = sourcecode.swift; path = ProductsView.swift; sourceTree = "<group>"; };
		80D9D74C26462491001A6F73 /* Base */ = {isa = PBXFileReference; lastKnownFileType = file.storyboard; name = Base; path = Base.lproj/Main.storyboard; sourceTree = "<group>"; };
		80D9D74E26462494001A6F73 /* Assets.xcassets */ = {isa = PBXFileReference; lastKnownFileType = folder.assetcatalog; path = Assets.xcassets; sourceTree = "<group>"; };
		80D9D75126462494001A6F73 /* Base */ = {isa = PBXFileReference; lastKnownFileType = file.storyboard; name = Base; path = Base.lproj/LaunchScreen.storyboard; sourceTree = "<group>"; };
		80D9D75326462494001A6F73 /* Info.plist */ = {isa = PBXFileReference; lastKnownFileType = text.plist.xml; path = Info.plist; sourceTree = "<group>"; };
		80D9D75826462494001A6F73 /* MeLiTests.xctest */ = {isa = PBXFileReference; explicitFileType = wrapper.cfbundle; includeInIndex = 0; path = MeLiTests.xctest; sourceTree = BUILT_PRODUCTS_DIR; };
		80D9D75C26462494001A6F73 /* MeLiTests.swift */ = {isa = PBXFileReference; lastKnownFileType = sourcecode.swift; path = MeLiTests.swift; sourceTree = "<group>"; };
		80D9D75E26462494001A6F73 /* Info.plist */ = {isa = PBXFileReference; lastKnownFileType = text.plist.xml; path = Info.plist; sourceTree = "<group>"; };
		80D9D76326462494001A6F73 /* MeLiUITests.xctest */ = {isa = PBXFileReference; explicitFileType = wrapper.cfbundle; includeInIndex = 0; path = MeLiUITests.xctest; sourceTree = BUILT_PRODUCTS_DIR; };
/* End PBXFileReference section */

/* Begin PBXFrameworksBuildPhase section */
		80D9D73F26462491001A6F73 /* Frameworks */ = {
			isa = PBXFrameworksBuildPhase;
			buildActionMask = 2147483647;
			files = (
			);
			runOnlyForDeploymentPostprocessing = 0;
		};
		80D9D75526462494001A6F73 /* Frameworks */ = {
			isa = PBXFrameworksBuildPhase;
			buildActionMask = 2147483647;
			files = (
			);
			runOnlyForDeploymentPostprocessing = 0;
		};
		80D9D76026462494001A6F73 /* Frameworks */ = {
			isa = PBXFrameworksBuildPhase;
			buildActionMask = 2147483647;
			files = (
			);
			runOnlyForDeploymentPostprocessing = 0;
		};
/* End PBXFrameworksBuildPhase section */

/* Begin PBXGroup section */
		8028182726473029006B0C40 /* ViewModel */ = {
			isa = PBXGroup;
			children = (
				8028182826473054006B0C40 /* ProductViewModel.swift */,
				8028184D264760EA006B0C40 /* ProductCellViewModel.swift */,
			);
			path = ViewModel;
			sourceTree = "<group>";
		};
		8028184626475BB9006B0C40 /* Extensions */ = {
			isa = PBXGroup;
			children = (
				8028183526475116006B0C40 /* UIViewController+Extension.swift */,
				8028185226476540006B0C40 /* UIImageView+Extension.swift */,
				806EFFCC26470CD900AB52FD /* URLRequest+Extension.swift */,
				806EFFB72646F12B00AB52FD /* Optional+Extension.swift */,
				8034B74E264858750029841A /* UIView+Extension.swift */,
				80B1F7C7265D6B8E00AC4185 /* String+Extension.swift */,
			);
			path = Extensions;
			sourceTree = "<group>";
		};
		806C82A6264779E70021F851 /* Products */ = {
			isa = PBXGroup;
			children = (
				80281830264739A4006B0C40 /* ProductService.swift */,
				806EFFDF264721EF00AB52FD /* Model */,
				806EFFE02647220600AB52FD /* View */,
				8028182726473029006B0C40 /* ViewModel */,
			);
			path = Products;
			sourceTree = "<group>";
		};
		806C82A7264779F50021F851 /* ProductDetail */ = {
			isa = PBXGroup;
			children = (
				800DC192265D50A600EE0FD0 /* ProductDetailService.swift */,
				809D3FDC264D7CF200ECE45F /* Model */,
				806C82B026477A1C0021F851 /* View */,
				809D3FD6264D7BEC00ECE45F /* ViewModel */,
			);
			path = ProductDetail;
			sourceTree = "<group>";
		};
		806C82B026477A1C0021F851 /* View */ = {
			isa = PBXGroup;
			children = (
				802EC87A26477B5900075019 /* ProductDetailView.swift */,
				803F140C265DAEAB006A18FD /* ProductDetailCollectionViewCell.swift */,
			);
			path = View;
			sourceTree = "<group>";
		};
		806EFFB12646EC7300AB52FD /* Common */ = {
			isa = PBXGroup;
			children = (
				8028184626475BB9006B0C40 /* Extensions */,
				806EFFB22646ED6B00AB52FD /* NetworkManager.swift */,
				806EFFBC2646F3EE00AB52FD /* MLError.swift */,
				806EFFC22646FB4100AB52FD /* MLEndpoints.swift */,
				80B1F7CC265D6BB700AC4185 /* Localizable.strings */,
			);
			path = Common;
			sourceTree = "<group>";
		};
		806EFFDF264721EF00AB52FD /* Model */ = {
			isa = PBXGroup;
			children = (
				806EFFD42647180800AB52FD /* Product.swift */,
				80C7A977265EEA370015B18A /* ProductModelViewModel.swift */,
			);
			path = Model;
			sourceTree = "<group>";
		};
		806EFFE02647220600AB52FD /* View */ = {
			isa = PBXGroup;
			children = (
				80D9D74926462491001A6F73 /* ProductsView.swift */,
				806EFFE62647251900AB52FD /* ProductCellView.swift */,
				806EFFE12647228900AB52FD /* ProductCellView.xib */,
			);
			path = View;
			sourceTree = "<group>";
		};
		809D3FD6264D7BEC00ECE45F /* ViewModel */ = {
			isa = PBXGroup;
			children = (
				809D3FD7264D7C0F00ECE45F /* ProductDetailViewModel.swift */,
			);
			path = ViewModel;
			sourceTree = "<group>";
		};
		809D3FDC264D7CF200ECE45F /* Model */ = {
			isa = PBXGroup;
			children = (
				809D3FDD264D7D0200ECE45F /* ProductDetailModel.swift */,
				80C7A972265ED6810015B18A /* ProductDetailModelViewModel.swift */,
			);
			path = Model;
			sourceTree = "<group>";
		};
		80D9D73926462491001A6F73 = {
			isa = PBXGroup;
			children = (
				80D9D74426462491001A6F73 /* MeLi */,
				80D9D75B26462494001A6F73 /* MeLiTests */,
				80D9D74326462491001A6F73 /* Products */,
			);
			sourceTree = "<group>";
		};
		80D9D74326462491001A6F73 /* Products */ = {
			isa = PBXGroup;
			children = (
				80D9D74226462491001A6F73 /* MeLi.app */,
				80D9D75826462494001A6F73 /* MeLiTests.xctest */,
				80D9D76326462494001A6F73 /* MeLiUITests.xctest */,
			);
			name = Products;
			sourceTree = "<group>";
		};
		80D9D74426462491001A6F73 /* MeLi */ = {
			isa = PBXGroup;
			children = (
				806EFFB12646EC7300AB52FD /* Common */,
				806C82A6264779E70021F851 /* Products */,
				806C82A7264779F50021F851 /* ProductDetail */,
				80D9D74B26462491001A6F73 /* Main.storyboard */,
				80D9D75026462494001A6F73 /* LaunchScreen.storyboard */,
				80D9D74E26462494001A6F73 /* Assets.xcassets */,
				80D9D75326462494001A6F73 /* Info.plist */,
				80D9D74526462491001A6F73 /* AppDelegate.swift */,
				80D9D74726462491001A6F73 /* SceneDelegate.swift */,
			);
			path = MeLi;
			sourceTree = "<group>";
		};
		80D9D75B26462494001A6F73 /* MeLiTests */ = {
			isa = PBXGroup;
			children = (
				80D9D75C26462494001A6F73 /* MeLiTests.swift */,
				80D9D75E26462494001A6F73 /* Info.plist */,
			);
			path = MeLiTests;
			sourceTree = "<group>";
		};
/* End PBXGroup section */

/* Begin PBXNativeTarget section */
		80D9D74126462491001A6F73 /* MeLi */ = {
			isa = PBXNativeTarget;
			buildConfigurationList = 80D9D76C26462494001A6F73 /* Build configuration list for PBXNativeTarget "MeLi" */;
			buildPhases = (
				80D9D73E26462491001A6F73 /* Sources */,
				80D9D73F26462491001A6F73 /* Frameworks */,
				80D9D74026462491001A6F73 /* Resources */,
			);
			buildRules = (
			);
			dependencies = (
			);
			name = MeLi;
			productName = MeLi;
			productReference = 80D9D74226462491001A6F73 /* MeLi.app */;
			productType = "com.apple.product-type.application";
		};
		80D9D75726462494001A6F73 /* MeLiTests */ = {
			isa = PBXNativeTarget;
			buildConfigurationList = 80D9D76F26462494001A6F73 /* Build configuration list for PBXNativeTarget "MeLiTests" */;
			buildPhases = (
				80D9D75426462494001A6F73 /* Sources */,
				80D9D75526462494001A6F73 /* Frameworks */,
				80D9D75626462494001A6F73 /* Resources */,
			);
			buildRules = (
			);
			dependencies = (
				80D9D75A26462494001A6F73 /* PBXTargetDependency */,
			);
			name = MeLiTests;
			productName = MeLiTests;
			productReference = 80D9D75826462494001A6F73 /* MeLiTests.xctest */;
			productType = "com.apple.product-type.bundle.unit-test";
		};
		80D9D76226462494001A6F73 /* MeLiUITests */ = {
			isa = PBXNativeTarget;
			buildConfigurationList = 80D9D77226462494001A6F73 /* Build configuration list for PBXNativeTarget "MeLiUITests" */;
			buildPhases = (
				80D9D75F26462494001A6F73 /* Sources */,
				80D9D76026462494001A6F73 /* Frameworks */,
				80D9D76126462494001A6F73 /* Resources */,
			);
			buildRules = (
			);
			dependencies = (
				80D9D76526462494001A6F73 /* PBXTargetDependency */,
			);
			name = MeLiUITests;
			productName = MeLiUITests;
			productReference = 80D9D76326462494001A6F73 /* MeLiUITests.xctest */;
			productType = "com.apple.product-type.bundle.ui-testing";
		};
/* End PBXNativeTarget section */

/* Begin PBXProject section */
		80D9D73A26462491001A6F73 /* Project object */ = {
			isa = PBXProject;
			attributes = {
				LastSwiftUpdateCheck = 1240;
				LastUpgradeCheck = 1240;
				TargetAttributes = {
					80D9D74126462491001A6F73 = {
						CreatedOnToolsVersion = 12.4;
					};
					80D9D75726462494001A6F73 = {
						CreatedOnToolsVersion = 12.4;
						TestTargetID = 80D9D74126462491001A6F73;
					};
					80D9D76226462494001A6F73 = {
						CreatedOnToolsVersion = 12.4;
						TestTargetID = 80D9D74126462491001A6F73;
					};
				};
			};
			buildConfigurationList = 80D9D73D26462491001A6F73 /* Build configuration list for PBXProject "MeLi" */;
			compatibilityVersion = "Xcode 9.3";
			developmentRegion = en;
			hasScannedForEncodings = 0;
			knownRegions = (
				en,
				Base,
			);
			mainGroup = 80D9D73926462491001A6F73;
			productRefGroup = 80D9D74326462491001A6F73 /* Products */;
			projectDirPath = "";
			projectRoot = "";
			targets = (
				80D9D74126462491001A6F73 /* MeLi */,
				80D9D75726462494001A6F73 /* MeLiTests */,
				80D9D76226462494001A6F73 /* MeLiUITests */,
			);
		};
/* End PBXProject section */

/* Begin PBXResourcesBuildPhase section */
		80D9D74026462491001A6F73 /* Resources */ = {
			isa = PBXResourcesBuildPhase;
			buildActionMask = 2147483647;
			files = (
				80B1F7CD265D6BB700AC4185 /* Localizable.strings in Resources */,
				806EFFE22647228900AB52FD /* ProductCellView.xib in Resources */,
				80D9D75226462494001A6F73 /* LaunchScreen.storyboard in Resources */,
				80D9D74F26462494001A6F73 /* Assets.xcassets in Resources */,
				80D9D74D26462491001A6F73 /* Main.storyboard in Resources */,
			);
			runOnlyForDeploymentPostprocessing = 0;
		};
		80D9D75626462494001A6F73 /* Resources */ = {
			isa = PBXResourcesBuildPhase;
			buildActionMask = 2147483647;
			files = (
			);
			runOnlyForDeploymentPostprocessing = 0;
		};
		80D9D76126462494001A6F73 /* Resources */ = {
			isa = PBXResourcesBuildPhase;
			buildActionMask = 2147483647;
			files = (
			);
			runOnlyForDeploymentPostprocessing = 0;
		};
/* End PBXResourcesBuildPhase section */

/* Begin PBXSourcesBuildPhase section */
		80D9D73E26462491001A6F73 /* Sources */ = {
			isa = PBXSourcesBuildPhase;
			buildActionMask = 2147483647;
			files = (
				8028185326476541006B0C40 /* UIImageView+Extension.swift in Sources */,
				80B1F7C8265D6B8E00AC4185 /* String+Extension.swift in Sources */,
				802EC87B26477B5900075019 /* ProductDetailView.swift in Sources */,
				806EFFB32646ED6B00AB52FD /* NetworkManager.swift in Sources */,
				8028183626475116006B0C40 /* UIViewController+Extension.swift in Sources */,
				8028184E264760EA006B0C40 /* ProductCellViewModel.swift in Sources */,
				80D9D74A26462491001A6F73 /* ProductsView.swift in Sources */,
				80C7A973265ED6810015B18A /* ProductDetailModelViewModel.swift in Sources */,
				806EFFD52647180800AB52FD /* Product.swift in Sources */,
				8034B74F264858750029841A /* UIView+Extension.swift in Sources */,
				806EFFB82646F12B00AB52FD /* Optional+Extension.swift in Sources */,
				806EFFC32646FB4100AB52FD /* MLEndpoints.swift in Sources */,
				800DC193265D50A600EE0FD0 /* ProductDetailService.swift in Sources */,
				80281831264739A4006B0C40 /* ProductService.swift in Sources */,
				806EFFCD26470CD900AB52FD /* URLRequest+Extension.swift in Sources */,
				809D3FDE264D7D0200ECE45F /* ProductDetailModel.swift in Sources */,
				8028182926473054006B0C40 /* ProductViewModel.swift in Sources */,
				806EFFBD2646F3EE00AB52FD /* MLError.swift in Sources */,
				803F140D265DAEAB006A18FD /* ProductDetailCollectionViewCell.swift in Sources */,
				806EFFE72647251900AB52FD /* ProductCellView.swift in Sources */,
				80D9D74626462491001A6F73 /* AppDelegate.swift in Sources */,
				80C7A978265EEA370015B18A /* ProductModelViewModel.swift in Sources */,
				80D9D74826462491001A6F73 /* SceneDelegate.swift in Sources */,
				809D3FD8264D7C0F00ECE45F /* ProductDetailViewModel.swift in Sources */,
			);
			runOnlyForDeploymentPostprocessing = 0;
		};
		80D9D75426462494001A6F73 /* Sources */ = {
			isa = PBXSourcesBuildPhase;
			buildActionMask = 2147483647;
			files = (
				80D9D75D26462494001A6F73 /* MeLiTests.swift in Sources */,
			);
			runOnlyForDeploymentPostprocessing = 0;
		};
		80D9D75F26462494001A6F73 /* Sources */ = {
			isa = PBXSourcesBuildPhase;
			buildActionMask = 2147483647;
			files = (
			);
			runOnlyForDeploymentPostprocessing = 0;
		};
/* End PBXSourcesBuildPhase section */

/* Begin PBXTargetDependency section */
		80D9D75A26462494001A6F73 /* PBXTargetDependency */ = {
			isa = PBXTargetDependency;
			target = 80D9D74126462491001A6F73 /* MeLi */;
			targetProxy = 80D9D75926462494001A6F73 /* PBXContainerItemProxy */;
		};
		80D9D76526462494001A6F73 /* PBXTargetDependency */ = {
			isa = PBXTargetDependency;
			target = 80D9D74126462491001A6F73 /* MeLi */;
			targetProxy = 80D9D76426462494001A6F73 /* PBXContainerItemProxy */;
		};
/* End PBXTargetDependency section */

/* Begin PBXVariantGroup section */
		80D9D74B26462491001A6F73 /* Main.storyboard */ = {
			isa = PBXVariantGroup;
			children = (
				80D9D74C26462491001A6F73 /* Base */,
			);
			name = Main.storyboard;
			sourceTree = "<group>";
		};
		80D9D75026462494001A6F73 /* LaunchScreen.storyboard */ = {
			isa = PBXVariantGroup;
			children = (
				80D9D75126462494001A6F73 /* Base */,
			);
			name = LaunchScreen.storyboard;
			sourceTree = "<group>";
		};
/* End PBXVariantGroup section */

/* Begin XCBuildConfiguration section */
		80D9D76A26462494001A6F73 /* Debug */ = {
			isa = XCBuildConfiguration;
			buildSettings = {
				ALWAYS_SEARCH_USER_PATHS = NO;
				CLANG_ANALYZER_NONNULL = YES;
				CLANG_ANALYZER_NUMBER_OBJECT_CONVERSION = YES_AGGRESSIVE;
				CLANG_CXX_LANGUAGE_STANDARD = "gnu++14";
				CLANG_CXX_LIBRARY = "libc++";
				CLANG_ENABLE_MODULES = YES;
				CLANG_ENABLE_OBJC_ARC = YES;
				CLANG_ENABLE_OBJC_WEAK = YES;
				CLANG_WARN_BLOCK_CAPTURE_AUTORELEASING = YES;
				CLANG_WARN_BOOL_CONVERSION = YES;
				CLANG_WARN_COMMA = YES;
				CLANG_WARN_CONSTANT_CONVERSION = YES;
				CLANG_WARN_DEPRECATED_OBJC_IMPLEMENTATIONS = YES;
				CLANG_WARN_DIRECT_OBJC_ISA_USAGE = YES_ERROR;
				CLANG_WARN_DOCUMENTATION_COMMENTS = YES;
				CLANG_WARN_EMPTY_BODY = YES;
				CLANG_WARN_ENUM_CONVERSION = YES;
				CLANG_WARN_INFINITE_RECURSION = YES;
				CLANG_WARN_INT_CONVERSION = YES;
				CLANG_WARN_NON_LITERAL_NULL_CONVERSION = YES;
				CLANG_WARN_OBJC_IMPLICIT_RETAIN_SELF = YES;
				CLANG_WARN_OBJC_LITERAL_CONVERSION = YES;
				CLANG_WARN_OBJC_ROOT_CLASS = YES_ERROR;
				CLANG_WARN_QUOTED_INCLUDE_IN_FRAMEWORK_HEADER = YES;
				CLANG_WARN_RANGE_LOOP_ANALYSIS = YES;
				CLANG_WARN_STRICT_PROTOTYPES = YES;
				CLANG_WARN_SUSPICIOUS_MOVE = YES;
				CLANG_WARN_UNGUARDED_AVAILABILITY = YES_AGGRESSIVE;
				CLANG_WARN_UNREACHABLE_CODE = YES;
				CLANG_WARN__DUPLICATE_METHOD_MATCH = YES;
				COPY_PHASE_STRIP = NO;
				DEBUG_INFORMATION_FORMAT = dwarf;
				ENABLE_STRICT_OBJC_MSGSEND = YES;
				ENABLE_TESTABILITY = YES;
				GCC_C_LANGUAGE_STANDARD = gnu11;
				GCC_DYNAMIC_NO_PIC = NO;
				GCC_NO_COMMON_BLOCKS = YES;
				GCC_OPTIMIZATION_LEVEL = 0;
				GCC_PREPROCESSOR_DEFINITIONS = (
					"DEBUG=1",
					"$(inherited)",
				);
				GCC_WARN_64_TO_32_BIT_CONVERSION = YES;
				GCC_WARN_ABOUT_RETURN_TYPE = YES_ERROR;
				GCC_WARN_UNDECLARED_SELECTOR = YES;
				GCC_WARN_UNINITIALIZED_AUTOS = YES_AGGRESSIVE;
				GCC_WARN_UNUSED_FUNCTION = YES;
				GCC_WARN_UNUSED_VARIABLE = YES;
				IPHONEOS_DEPLOYMENT_TARGET = 14.4;
				MTL_ENABLE_DEBUG_INFO = INCLUDE_SOURCE;
				MTL_FAST_MATH = YES;
				ONLY_ACTIVE_ARCH = YES;
				SDKROOT = iphoneos;
				SWIFT_ACTIVE_COMPILATION_CONDITIONS = DEBUG;
				SWIFT_OPTIMIZATION_LEVEL = "-Onone";
			};
			name = Debug;
		};
		80D9D76B26462494001A6F73 /* Release */ = {
			isa = XCBuildConfiguration;
			buildSettings = {
				ALWAYS_SEARCH_USER_PATHS = NO;
				CLANG_ANALYZER_NONNULL = YES;
				CLANG_ANALYZER_NUMBER_OBJECT_CONVERSION = YES_AGGRESSIVE;
				CLANG_CXX_LANGUAGE_STANDARD = "gnu++14";
				CLANG_CXX_LIBRARY = "libc++";
				CLANG_ENABLE_MODULES = YES;
				CLANG_ENABLE_OBJC_ARC = YES;
				CLANG_ENABLE_OBJC_WEAK = YES;
				CLANG_WARN_BLOCK_CAPTURE_AUTORELEASING = YES;
				CLANG_WARN_BOOL_CONVERSION = YES;
				CLANG_WARN_COMMA = YES;
				CLANG_WARN_CONSTANT_CONVERSION = YES;
				CLANG_WARN_DEPRECATED_OBJC_IMPLEMENTATIONS = YES;
				CLANG_WARN_DIRECT_OBJC_ISA_USAGE = YES_ERROR;
				CLANG_WARN_DOCUMENTATION_COMMENTS = YES;
				CLANG_WARN_EMPTY_BODY = YES;
				CLANG_WARN_ENUM_CONVERSION = YES;
				CLANG_WARN_INFINITE_RECURSION = YES;
				CLANG_WARN_INT_CONVERSION = YES;
				CLANG_WARN_NON_LITERAL_NULL_CONVERSION = YES;
				CLANG_WARN_OBJC_IMPLICIT_RETAIN_SELF = YES;
				CLANG_WARN_OBJC_LITERAL_CONVERSION = YES;
				CLANG_WARN_OBJC_ROOT_CLASS = YES_ERROR;
				CLANG_WARN_QUOTED_INCLUDE_IN_FRAMEWORK_HEADER = YES;
				CLANG_WARN_RANGE_LOOP_ANALYSIS = YES;
				CLANG_WARN_STRICT_PROTOTYPES = YES;
				CLANG_WARN_SUSPICIOUS_MOVE = YES;
				CLANG_WARN_UNGUARDED_AVAILABILITY = YES_AGGRESSIVE;
				CLANG_WARN_UNREACHABLE_CODE = YES;
				CLANG_WARN__DUPLICATE_METHOD_MATCH = YES;
				COPY_PHASE_STRIP = NO;
				DEBUG_INFORMATION_FORMAT = "dwarf-with-dsym";
				ENABLE_NS_ASSERTIONS = NO;
				ENABLE_STRICT_OBJC_MSGSEND = YES;
				GCC_C_LANGUAGE_STANDARD = gnu11;
				GCC_NO_COMMON_BLOCKS = YES;
				GCC_WARN_64_TO_32_BIT_CONVERSION = YES;
				GCC_WARN_ABOUT_RETURN_TYPE = YES_ERROR;
				GCC_WARN_UNDECLARED_SELECTOR = YES;
				GCC_WARN_UNINITIALIZED_AUTOS = YES_AGGRESSIVE;
				GCC_WARN_UNUSED_FUNCTION = YES;
				GCC_WARN_UNUSED_VARIABLE = YES;
				IPHONEOS_DEPLOYMENT_TARGET = 14.4;
				MTL_ENABLE_DEBUG_INFO = NO;
				MTL_FAST_MATH = YES;
				SDKROOT = iphoneos;
				SWIFT_COMPILATION_MODE = wholemodule;
				SWIFT_OPTIMIZATION_LEVEL = "-O";
				VALIDATE_PRODUCT = YES;
			};
			name = Release;
		};
		80D9D76D26462494001A6F73 /* Debug */ = {
			isa = XCBuildConfiguration;
			buildSettings = {
				ASSETCATALOG_COMPILER_APPICON_NAME = AppIcon;
				ASSETCATALOG_COMPILER_GLOBAL_ACCENT_COLOR_NAME = AccentColor;
				CODE_SIGN_STYLE = Automatic;
				DEVELOPMENT_TEAM = ZAFW5A3KA7;
				INFOPLIST_FILE = MeLi/Info.plist;
				LD_RUNPATH_SEARCH_PATHS = (
					"$(inherited)",
					"@executable_path/Frameworks",
				);
				PRODUCT_BUNDLE_IDENTIFIER = com.meli.MeLi;
				PRODUCT_NAME = "$(TARGET_NAME)";
				SWIFT_VERSION = 5.0;
				TARGETED_DEVICE_FAMILY = "1,2";
			};
			name = Debug;
		};
		80D9D76E26462494001A6F73 /* Release */ = {
			isa = XCBuildConfiguration;
			buildSettings = {
				ASSETCATALOG_COMPILER_APPICON_NAME = AppIcon;
				ASSETCATALOG_COMPILER_GLOBAL_ACCENT_COLOR_NAME = AccentColor;
				CODE_SIGN_STYLE = Automatic;
				DEVELOPMENT_TEAM = ZAFW5A3KA7;
				INFOPLIST_FILE = MeLi/Info.plist;
				LD_RUNPATH_SEARCH_PATHS = (
					"$(inherited)",
					"@executable_path/Frameworks",
				);
				PRODUCT_BUNDLE_IDENTIFIER = com.meli.MeLi;
				PRODUCT_NAME = "$(TARGET_NAME)";
				SWIFT_VERSION = 5.0;
				TARGETED_DEVICE_FAMILY = "1,2";
			};
			name = Release;
		};
		80D9D77026462494001A6F73 /* Debug */ = {
			isa = XCBuildConfiguration;
			buildSettings = {
				ALWAYS_EMBED_SWIFT_STANDARD_LIBRARIES = YES;
				BUNDLE_LOADER = "$(TEST_HOST)";
				CODE_SIGN_STYLE = Automatic;
				DEVELOPMENT_TEAM = ZAFW5A3KA7;
				INFOPLIST_FILE = MeLiTests/Info.plist;
				IPHONEOS_DEPLOYMENT_TARGET = 14.4;
				LD_RUNPATH_SEARCH_PATHS = (
					"$(inherited)",
					"@executable_path/Frameworks",
					"@loader_path/Frameworks",
				);
				PRODUCT_BUNDLE_IDENTIFIER = com.meli.MeLiTests;
				PRODUCT_NAME = "$(TARGET_NAME)";
				SWIFT_VERSION = 5.0;
				TARGETED_DEVICE_FAMILY = "1,2";
				TEST_HOST = "$(BUILT_PRODUCTS_DIR)/MeLi.app/MeLi";
			};
			name = Debug;
		};
		80D9D77126462494001A6F73 /* Release */ = {
			isa = XCBuildConfiguration;
			buildSettings = {
				ALWAYS_EMBED_SWIFT_STANDARD_LIBRARIES = YES;
				BUNDLE_LOADER = "$(TEST_HOST)";
				CODE_SIGN_STYLE = Automatic;
				DEVELOPMENT_TEAM = ZAFW5A3KA7;
				INFOPLIST_FILE = MeLiTests/Info.plist;
				IPHONEOS_DEPLOYMENT_TARGET = 14.4;
				LD_RUNPATH_SEARCH_PATHS = (
					"$(inherited)",
					"@executable_path/Frameworks",
					"@loader_path/Frameworks",
				);
				PRODUCT_BUNDLE_IDENTIFIER = com.meli.MeLiTests;
				PRODUCT_NAME = "$(TARGET_NAME)";
				SWIFT_VERSION = 5.0;
				TARGETED_DEVICE_FAMILY = "1,2";
				TEST_HOST = "$(BUILT_PRODUCTS_DIR)/MeLi.app/MeLi";
			};
			name = Release;
		};
		80D9D77326462494001A6F73 /* Debug */ = {
			isa = XCBuildConfiguration;
			buildSettings = {
				ALWAYS_EMBED_SWIFT_STANDARD_LIBRARIES = YES;
				CODE_SIGN_STYLE = Automatic;
				DEVELOPMENT_TEAM = ZAFW5A3KA7;
				INFOPLIST_FILE = MeLiUITests/Info.plist;
				LD_RUNPATH_SEARCH_PATHS = (
					"$(inherited)",
					"@executable_path/Frameworks",
					"@loader_path/Frameworks",
				);
				PRODUCT_BUNDLE_IDENTIFIER = com.meli.MeLiUITests;
				PRODUCT_NAME = "$(TARGET_NAME)";
				SWIFT_VERSION = 5.0;
				TARGETED_DEVICE_FAMILY = "1,2";
				TEST_TARGET_NAME = MeLi;
			};
			name = Debug;
		};
		80D9D77426462494001A6F73 /* Release */ = {
			isa = XCBuildConfiguration;
			buildSettings = {
				ALWAYS_EMBED_SWIFT_STANDARD_LIBRARIES = YES;
				CODE_SIGN_STYLE = Automatic;
				DEVELOPMENT_TEAM = ZAFW5A3KA7;
				INFOPLIST_FILE = MeLiUITests/Info.plist;
				LD_RUNPATH_SEARCH_PATHS = (
					"$(inherited)",
					"@executable_path/Frameworks",
					"@loader_path/Frameworks",
				);
				PRODUCT_BUNDLE_IDENTIFIER = com.meli.MeLiUITests;
				PRODUCT_NAME = "$(TARGET_NAME)";
				SWIFT_VERSION = 5.0;
				TARGETED_DEVICE_FAMILY = "1,2";
				TEST_TARGET_NAME = MeLi;
			};
			name = Release;
		};
/* End XCBuildConfiguration section */

/* Begin XCConfigurationList section */
		80D9D73D26462491001A6F73 /* Build configuration list for PBXProject "MeLi" */ = {
			isa = XCConfigurationList;
			buildConfigurations = (
				80D9D76A26462494001A6F73 /* Debug */,
				80D9D76B26462494001A6F73 /* Release */,
			);
			defaultConfigurationIsVisible = 0;
			defaultConfigurationName = Release;
		};
		80D9D76C26462494001A6F73 /* Build configuration list for PBXNativeTarget "MeLi" */ = {
			isa = XCConfigurationList;
			buildConfigurations = (
				80D9D76D26462494001A6F73 /* Debug */,
				80D9D76E26462494001A6F73 /* Release */,
			);
			defaultConfigurationIsVisible = 0;
			defaultConfigurationName = Release;
		};
		80D9D76F26462494001A6F73 /* Build configuration list for PBXNativeTarget "MeLiTests" */ = {
			isa = XCConfigurationList;
			buildConfigurations = (
				80D9D77026462494001A6F73 /* Debug */,
				80D9D77126462494001A6F73 /* Release */,
			);
			defaultConfigurationIsVisible = 0;
			defaultConfigurationName = Release;
		};
		80D9D77226462494001A6F73 /* Build configuration list for PBXNativeTarget "MeLiUITests" */ = {
			isa = XCConfigurationList;
			buildConfigurations = (
				80D9D77326462494001A6F73 /* Debug */,
				80D9D77426462494001A6F73 /* Release */,
			);
			defaultConfigurationIsVisible = 0;
			defaultConfigurationName = Release;
		};
/* End XCConfigurationList section */
	};
	rootObject = 80D9D73A26462491001A6F73 /* Project object */;
}
